
Microsoft Visual Studio Solution File, Format Version 12.00
# Visual Studio Version 17
VisualStudioVersion = 17.8.34316.72
MinimumVisualStudioVersion = 10.0.40219.1
Project("{9A19103F-16F7-4668-BE54-9A1E7A4F7556}") = "TestApp", "TestApp\TestApp.csproj", "{F56433F2-3ED4-4B69-AABD-0909BFC5987D}"
EndProject
Project("{FAE04EC0-301F-11D3-BF4B-00C04F79EFBC}") = "OpenGLBox", "OpenGLBox\OpenGLBox.csproj", "{204B74BE-9A6B-446C-B2B8-9A80C654EB96}"
EndProject
Global
	GlobalSection(SolutionConfigurationPlatforms) = preSolution
		Debug|Any CPU = Debug|Any CPU
		Release|Any CPU = Release|Any CPU
	EndGlobalSection
	GlobalSection(ProjectConfigurationPlatforms) = postSolution
		{F56433F2-3ED4-4B69-AABD-0909BFC5987D}.Debug|Any CPU.ActiveCfg = Debug|Any CPU
		{F56433F2-3ED4-4B69-AABD-0909BFC5987D}.Debug|Any CPU.Build.0 = Debug|Any CPU
		{F56433F2-3ED4-4B69-AABD-0909BFC5987D}.Release|Any CPU.ActiveCfg = Release|Any CPU
		{F56433F2-3ED4-4B69-AABD-0909BFC5987D}.Release|Any CPU.Build.0 = Release|Any CPU
		{204B74BE-9A6B-446C-B2B8-9A80C654EB96}.Debug|Any CPU.ActiveCfg = Debug|Any CPU
		{204B74BE-9A6B-446C-B2B8-9A80C654EB96}.Debug|Any CPU.Build.0 = Debug|Any CPU
		{204B74BE-9A6B-446C-B2B8-9A80C654EB96}.Release|Any CPU.ActiveCfg = Release|Any CPU
		{204B74BE-9A6B-446C-B2B8-9A80C654EB96}.Release|Any CPU.Build.0 = Release|Any CPU
	EndGlobalSection
	GlobalSection(SolutionProperties) = preSolution
		HideSolutionNode = FALSE
	EndGlobalSection
	GlobalSection(ExtensibilityGlobals) = postSolution
		SolutionGuid = {0F30C545-4BE3-44EC-B81C-828850217C07}
	EndGlobalSection
EndGlobal
